<?xml version="1.0" encoding="UTF-8" standalone="yes" ?>
<CodeBlocks_project_file>
	<FileVersion major="1" minor="6" />
	<Project>
		<Option title="Mine Crisis" />
		<Option pch_mode="2" />
		<Option compiler="gcc" />
		<Build>
			<Target title="Linux (Release 64 bit)">
				<Option platforms="Unix;" />
				<Option output=".\bin\MineCrisis64" prefix_auto="1" extension_auto="1" />
				<Option object_output="obj\" />
				<Option type="1" />
				<Option compiler="gcc" />
				<Option parameters='&quot;./worlds/world.txt&quot;' />
				<Compiler>
					<Add option="-O2" />
					<Add option="-m64" />
				</Compiler>
				<Linker>
					<Add option="-s" />
					<Add option="-m64" />
				</Linker>
			</Target>
			<Target title="Linux (Debug 64 bit)">
				<Option platforms="Unix;" />
				<Option output=".\bin\MineCrisis64_debug" prefix_auto="1" extension_auto="1" />
				<Option object_output="obj\" />
				<Option type="1" />
				<Option compiler="gcc" />
				<Option parameters='&quot;./worlds/world.txt&quot;' />
				<Compiler>
					<Add option="-g" />
					<Add option='-fno-inline-functions -fno-inline -Dinline=&quot;&quot;' />
				</Compiler>
				<Linker>
					<Add option="-m64" />
				</Linker>
			</Target>
			<Target title="Linux (Release 32 bit)">
				<Option platforms="Unix;" />
				<Option output=".\bin\MineCrisis32" prefix_auto="1" extension_auto="1" />
				<Option object_output="obj\" />
				<Option type="1" />
				<Option compiler="gcc" />
				<Option parameters='&quot;./worlds/world.txt&quot;' />
				<Compiler>
					<Add option="-O2" />
					<Add option="-m32" />
				</Compiler>
				<Linker>
					<Add option="-s" />
					<Add option="-m32" />
				</Linker>
			</Target>
			<Target title="Windows (Release 32 bit)">
				<Option platforms="Windows;" />
				<Option output=".\bin\MineCrisis32" prefix_auto="1" extension_auto="1" />
				<Option object_output="obj\" />
				<Option type="1" />
				<Option compiler="gcc" />
				<Option parameters='&quot;./worlds/world.txt&quot;' />
				<Compiler>
					<Add option="-O2" />
					<Add option="-m32" />
				</Compiler>
				<Linker>
					<Add option="-s" />
					<Add option="-m32" />
					<Add library="z" />
					<Add library="pthread" />
				</Linker>
			</Target>
		</Build>
		<Compiler>
			<Add option="-pedantic" />
			<Add option="-Wall" />
			<Add option="-std=c99" />
		</Compiler>
		<Linker>
			<Add library="glut" />
			<Add library="GLU" />
			<Add library="GL" />
			<Add library="png" />
			<Add library="openal" />
			<Add library="vorbisfile" />
			<Add library="vorbis" />
			<Add library="ogg" />
		</Linker>
		<Unit filename="src\ase_importer.c">
			<Option compilerVar="CC" />
			<Option compiler="gcc" use="1" buildCommand="$compiler $options -w $includes -c $file -o $object" />
		</Unit>
		<Unit filename="src\ase_importer.h" />
		<Unit filename="src\bounding_boxes.c">
			<Option compilerVar="CC" />
		</Unit>
		<Unit filename="src\bounding_boxes.h" />
		<Unit filename="src\consts.h" />
		<Unit filename="src\crc32.c">
			<Option compilerVar="CC" />
		</Unit>
		<Unit filename="src\crc32.h" />
		<Unit filename="src\draw.c">
			<Option compilerVar="CC" />
		</Unit>
		<Unit filename="src\draw.h" />
		<Unit filename="src\explosion.c">
			<Option compilerVar="CC" />
		</Unit>
		<Unit filename="src\explosion.h" />
		<Unit filename="src\geom.c">
			<Option compilerVar="CC" />
		</Unit>
		<Unit filename="src\geom.h" />
		<Unit filename="src\mine_crisis.c">
			<Option compilerVar="CC" />
		</Unit>
		<Unit filename="src\mine_crisis.h" />
		<Unit filename="src\music.c">
			<Option compilerVar="CC" />
		</Unit>
		<Unit filename="src\music.h" />
		<Unit filename="src\openal.h" />
		<Unit filename="src\opengl.h" />
		<Unit filename="src\random.c">
			<Option compilerVar="CC" />
		</Unit>
		<Unit filename="src\random.h" />
		<Unit filename="src\resources.c">
			<Option compilerVar="CC" />
		</Unit>
		<Unit filename="src\resources.h" />
		<Unit filename="src\sound.c">
			<Option compilerVar="CC" />
		</Unit>
		<Unit filename="src\sound.h" />
		<Unit filename="src\texture.c">
			<Option compilerVar="CC" />
		</Unit>
		<Unit filename="src\texture.h" />
		<Unit filename="src\utils.c">
			<Option compilerVar="CC" />
		</Unit>
		<Unit filename="src\utils.h" />
		<Unit filename="src\world.c">
			<Option compilerVar="CC" />
		</Unit>
		<Unit filename="src\world.h" />
		<Extensions>
			<code_completion />
			<debugger />
			<envvars />
		</Extensions>
	</Project>
</CodeBlocks_project_file>
